
Microsoft Visual Studio Solution File, Format Version 12.00
# Visual Studio Version 17
VisualStudioVersion = 17.4.33103.184
MinimumVisualStudioVersion = 10.0.40219.1
Project("{FAE04EC0-301F-11D3-BF4B-00C04F79EFBC}") = "ShiftTracker", "ShiftTracker\ShiftTracker.csproj", "{7C653CD3-7C8F-44A0-878E-49F8A7DB8883}"
EndProject
Global
	GlobalSection(SolutionConfigurationPlatforms) = preSolution
		Debug|Any CPU = Debug|Any CPU
		Release|Any CPU = Release|Any CPU
	EndGlobalSection
	GlobalSection(ProjectConfigurationPlatforms) = postSolution
		{7C653CD3-7C8F-44A0-878E-49F8A7DB8883}.Debug|Any CPU.ActiveCfg = Debug|Any CPU
		{7C653CD3-7C8F-44A0-878E-49F8A7DB8883}.Debug|Any CPU.Build.0 = Debug|Any CPU
		{7C653CD3-7C8F-44A0-878E-49F8A7DB8883}.Release|Any CPU.ActiveCfg = Release|Any CPU
		{7C653CD3-7C8F-44A0-878E-49F8A7DB8883}.Release|Any CPU.Build.0 = Release|Any CPU
	EndGlobalSection
	GlobalSection(SolutionProperties) = preSolution
		HideSolutionNode = FALSE
	EndGlobalSection
	GlobalSection(ExtensibilityGlobals) = postSolution
		SolutionGuid = {F2C683DF-3BB8-4EB3-AC74-83BBF0E8505E}
	EndGlobalSection
EndGlobal
